
Microsoft Visual Studio Solution File, Format Version 12.00
Project("{FAE04EC0-301F-11D3-BF4B-00C04F79EFBC}") = "BinaryWizard", "BinaryWizard\BinaryWizard\BinaryWizard.csproj", "{4A11A51B-0FE4-42AD-B152-F95B7D009676}"
EndProject
Project("{FAE04EC0-301F-11D3-BF4B-00C04F79EFBC}") = "BinaryWizard.Sample", "BinaryWizard\BinaryWizard.Sample\BinaryWizard.Sample.csproj", "{99775555-2372-4DD8-9BC1-497BA74424B9}"
EndProject
Project("{FAE04EC0-301F-11D3-BF4B-00C04F79EFBC}") = "BinaryWizard.Tests", "BinaryWizard\BinaryWizard.Tests\BinaryWizard.Tests.csproj", "{CA2424B6-7B86-4266-9774-D0C31752DC7D}"
EndProject
Global
	GlobalSection(SolutionConfigurationPlatforms) = preSolution
		Debug|Any CPU = Debug|Any CPU
		Release|Any CPU = Release|Any CPU
	EndGlobalSection
	GlobalSection(ProjectConfigurationPlatforms) = postSolution
		{4A11A51B-0FE4-42AD-B152-F95B7D009676}.Debug|Any CPU.ActiveCfg = Debug|Any CPU
		{4A11A51B-0FE4-42AD-B152-F95B7D009676}.Debug|Any CPU.Build.0 = Debug|Any CPU
		{4A11A51B-0FE4-42AD-B152-F95B7D009676}.Release|Any CPU.ActiveCfg = Release|Any CPU
		{4A11A51B-0FE4-42AD-B152-F95B7D009676}.Release|Any CPU.Build.0 = Release|Any CPU
		{99775555-2372-4DD8-9BC1-497BA74424B9}.Debug|Any CPU.ActiveCfg = Debug|Any CPU
		{99775555-2372-4DD8-9BC1-497BA74424B9}.Debug|Any CPU.Build.0 = Debug|Any CPU
		{99775555-2372-4DD8-9BC1-497BA74424B9}.Release|Any CPU.ActiveCfg = Release|Any CPU
		{99775555-2372-4DD8-9BC1-497BA74424B9}.Release|Any CPU.Build.0 = Release|Any CPU
		{CA2424B6-7B86-4266-9774-D0C31752DC7D}.Debug|Any CPU.ActiveCfg = Debug|Any CPU
		{CA2424B6-7B86-4266-9774-D0C31752DC7D}.Debug|Any CPU.Build.0 = Debug|Any CPU
		{CA2424B6-7B86-4266-9774-D0C31752DC7D}.Release|Any CPU.ActiveCfg = Release|Any CPU
		{CA2424B6-7B86-4266-9774-D0C31752DC7D}.Release|Any CPU.Build.0 = Release|Any CPU
	EndGlobalSection
EndGlobal
